// !$*UTF8*$!
{
	archiveVersion = 1;
	classes = {
	};
	objectVersion = 46;
	objects = {

/* Begin PBXBuildFile section */
		D06FB8B11F0DB0C9009D902F /* AppDelegate.swift in Sources */ = {isa = PBXBuildFile; fileRef = D06FB8B01F0DB0C9009D902F /* AppDelegate.swift */; };
		D06FB8B31F0DB0C9009D902F /* ViewController.swift in Sources */ = {isa = PBXBuildFile; fileRef = D06FB8B21F0DB0C9009D902F /* ViewController.swift */; };
		D06FB8B61F0DB0C9009D902F /* Main.storyboard in Resources */ = {isa = PBXBuildFile; fileRef = D06FB8B41F0DB0C9009D902F /* Main.storyboard */; };
		D06FB8B91F0DB0C9009D902F /* HitList.xcdatamodeld in Sources */ = {isa = PBXBuildFile; fileRef = D06FB8B71F0DB0C9009D902F /* HitList.xcdatamodeld */; };
		D06FB8BB1F0DB0C9009D902F /* Assets.xcassets in Resources */ = {isa = PBXBuildFile; fileRef = D06FB8BA1F0DB0C9009D902F /* Assets.xcassets */; };
		D06FB8BE1F0DB0C9009D902F /* LaunchScreen.storyboard in Resources */ = {isa = PBXBuildFile; fileRef = D06FB8BC1F0DB0C9009D902F /* LaunchScreen.storyboard */; };
		D06FB8C71F0DC29B009D902F /* Person+CoreDataClass.swift in Sources */ = {isa = PBXBuildFile; fileRef = D06FB8C51F0DC29B009D902F /* Person+CoreDataClass.swift */; };
		D06FB8C81F0DC29B009D902F /* Person+CoreDataProperties.swift in Sources */ = {isa = PBXBuildFile; fileRef = D06FB8C61F0DC29B009D902F /* Person+CoreDataProperties.swift */; };
/* End PBXBuildFile section */

/* Begin PBXFileReference section */
		D06FB8AD1F0DB0C8009D902F /* HitList.app */ = {isa = PBXFileReference; explicitFileType = wrapper.application; includeInIndex = 0; path = HitList.app; sourceTree = BUILT_PRODUCTS_DIR; };
		D06FB8B01F0DB0C9009D902F /* AppDelegate.swift */ = {isa = PBXFileReference; lastKnownFileType = sourcecode.swift; path = AppDelegate.swift; sourceTree = "<group>"; };
		D06FB8B21F0DB0C9009D902F /* ViewController.swift */ = {isa = PBXFileReference; lastKnownFileType = sourcecode.swift; path = ViewController.swift; sourceTree = "<group>"; };
		D06FB8B51F0DB0C9009D902F /* Base */ = {isa = PBXFileReference; lastKnownFileType = file.storyboard; name = Base; path = Base.lproj/Main.storyboard; sourceTree = "<group>"; };
		D06FB8B81F0DB0C9009D902F /* HitList.xcdatamodel */ = {isa = PBXFileReference; lastKnownFileType = wrapper.xcdatamodel; path = HitList.xcdatamodel; sourceTree = "<group>"; };
		D06FB8BA1F0DB0C9009D902F /* Assets.xcassets */ = {isa = PBXFileReference; lastKnownFileType = folder.assetcatalog; path = Assets.xcassets; sourceTree = "<group>"; };
		D06FB8BD1F0DB0C9009D902F /* Base */ = {isa = PBXFileReference; lastKnownFileType = file.storyboard; name = Base; path = Base.lproj/LaunchScreen.storyboard; sourceTree = "<group>"; };
		D06FB8BF1F0DB0C9009D902F /* Info.plist */ = {isa = PBXFileReference; lastKnownFileType = text.plist.xml; path = Info.plist; sourceTree = "<group>"; };
		D06FB8C51F0DC29B009D902F /* Person+CoreDataClass.swift */ = {isa = PBXFileReference; fileEncoding = 4; lastKnownFileType = sourcecode.swift; path = "Person+CoreDataClass.swift"; sourceTree = "<group>"; };
		D06FB8C61F0DC29B009D902F /* Person+CoreDataProperties.swift */ = {isa = PBXFileReference; fileEncoding = 4; lastKnownFileType = sourcecode.swift; path = "Person+CoreDataProperties.swift"; sourceTree = "<group>"; };
/* End PBXFileReference section */

/* Begin PBXFrameworksBuildPhase section */
		D06FB8AA1F0DB0C8009D902F /* Frameworks */ = {
			isa = PBXFrameworksBuildPhase;
			buildActionMask = 2147483647;
			files = (
			);
			runOnlyForDeploymentPostprocessing = 0;
		};
/* End PBXFrameworksBuildPhase section */

/* Begin PBXGroup section */
		D06FB8A41F0DB0C8009D902F = {
			isa = PBXGroup;
			children = (
				D06FB8AF1F0DB0C9009D902F /* HitList */,
				D06FB8AE1F0DB0C8009D902F /* Products */,
			);
			sourceTree = "<group>";
		};
		D06FB8AE1F0DB0C8009D902F /* Products */ = {
			isa = PBXGroup;
			children = (
				D06FB8AD1F0DB0C8009D902F /* HitList.app */,
			);
			name = Products;
			sourceTree = "<group>";
		};
		D06FB8AF1F0DB0C9009D902F /* HitList */ = {
			isa = PBXGroup;
			children = (
				D06FB8C51F0DC29B009D902F /* Person+CoreDataClass.swift */,
				D06FB8C61F0DC29B009D902F /* Person+CoreDataProperties.swift */,
				D06FB8B01F0DB0C9009D902F /* AppDelegate.swift */,
				D06FB8B21F0DB0C9009D902F /* ViewController.swift */,
				D06FB8B41F0DB0C9009D902F /* Main.storyboard */,
				D06FB8BA1F0DB0C9009D902F /* Assets.xcassets */,
				D06FB8BC1F0DB0C9009D902F /* LaunchScreen.storyboard */,
				D06FB8BF1F0DB0C9009D902F /* Info.plist */,
				D06FB8B71F0DB0C9009D902F /* HitList.xcdatamodeld */,
			);
			path = HitList;
			sourceTree = "<group>";
		};
/* End PBXGroup section */

/* Begin PBXNativeTarget section */
		D06FB8AC1F0DB0C8009D902F /* HitList */ = {
			isa = PBXNativeTarget;
			buildConfigurationList = D06FB8C21F0DB0C9009D902F /* Build configuration list for PBXNativeTarget "HitList" */;
			buildPhases = (
				D06FB8A91F0DB0C8009D902F /* Sources */,
				D06FB8AA1F0DB0C8009D902F /* Frameworks */,
				D06FB8AB1F0DB0C8009D902F /* Resources */,
			);
			buildRules = (
			);
			dependencies = (
			);
			name = HitList;
			productName = HitList;
			productReference = D06FB8AD1F0DB0C8009D902F /* HitList.app */;
			productType = "com.apple.product-type.application";
		};
/* End PBXNativeTarget section */

/* Begin PBXProject section */
		D06FB8A51F0DB0C8009D902F /* Project object */ = {
			isa = PBXProject;
			attributes = {
				LastSwiftUpdateCheck = 0820;
				LastUpgradeCheck = 0820;
				ORGANIZATIONNAME = Phoenix;
				TargetAttributes = {
					D06FB8AC1F0DB0C8009D902F = {
						CreatedOnToolsVersion = 8.2.1;
						DevelopmentTeam = WH57BD6FT7;
						ProvisioningStyle = Automatic;
					};
				};
			};
			buildConfigurationList = D06FB8A81F0DB0C8009D902F /* Build configuration list for PBXProject "HitList" */;
			compatibilityVersion = "Xcode 3.2";
			developmentRegion = English;
			hasScannedForEncodings = 0;
			knownRegions = (
				en,
				Base,
			);
			mainGroup = D06FB8A41F0DB0C8009D902F;
			productRefGroup = D06FB8AE1F0DB0C8009D902F /* Products */;
			projectDirPath = "";
			projectRoot = "";
			targets = (
				D06FB8AC1F0DB0C8009D902F /* HitList */,
			);
		};
/* End PBXProject section */

/* Begin PBXResourcesBuildPhase section */
		D06FB8AB1F0DB0C8009D902F /* Resources */ = {
			isa = PBXResourcesBuildPhase;
			buildActionMask = 2147483647;
			files = (
				D06FB8BE1F0DB0C9009D902F /* LaunchScreen.storyboard in Resources */,
				D06FB8BB1F0DB0C9009D902F /* Assets.xcassets in Resources */,
				D06FB8B61F0DB0C9009D902F /* Main.storyboard in Resources */,
			);
			runOnlyForDeploymentPostprocessing = 0;
		};
/* End PBXResourcesBuildPhase section */

/* Begin PBXSourcesBuildPhase section */
		D06FB8A91F0DB0C8009D902F /* Sources */ = {
			isa = PBXSourcesBuildPhase;
			buildActionMask = 2147483647;
			files = (
				D06FB8C71F0DC29B009D902F /* Person+CoreDataClass.swift in Sources */,
				D06FB8C81F0DC29B009D902F /* Person+CoreDataProperties.swift in Sources */,
				D06FB8B91F0DB0C9009D902F /* HitList.xcdatamodeld in Sources */,
				D06FB8B31F0DB0C9009D902F /* ViewController.swift in Sources */,
				D06FB8B11F0DB0C9009D902F /* AppDelegate.swift in Sources */,
			);
			runOnlyForDeploymentPostprocessing = 0;
		};
/* End PBXSourcesBuildPhase section */

/* Begin PBXVariantGroup section */
		D06FB8B41F0DB0C9009D902F /* Main.storyboard */ = {
			isa = PBXVariantGroup;
			children = (
				D06FB8B51F0DB0C9009D902F /* Base */,
			);
			name = Main.storyboard;
			sourceTree = "<group>";
		};
		D06FB8BC1F0DB0C9009D902F /* LaunchScreen.storyboard */ = {
			isa = PBXVariantGroup;
			children = (
				D06FB8BD1F0DB0C9009D902F /* Base */,
			);
			name = LaunchScreen.storyboard;
			sourceTree = "<group>";
		};
/* End PBXVariantGroup section */

/* Begin XCBuildConfiguration section */
		D06FB8C01F0DB0C9009D902F /* Debug */ = {
			isa = XCBuildConfiguration;
			buildSettings = {
				ALWAYS_SEARCH_USER_PATHS = NO;
				CLANG_ANALYZER_NONNULL = YES;
				CLANG_CXX_LANGUAGE_STANDARD = "gnu++0x";
				CLANG_CXX_LIBRARY = "libc++";
				CLANG_ENABLE_MODULES = YES;
				CLANG_ENABLE_OBJC_ARC = YES;
				CLANG_WARN_BOOL_CONVERSION = YES;
				CLANG_WARN_CONSTANT_CONVERSION = YES;
				CLANG_WARN_DIRECT_OBJC_ISA_USAGE = YES_ERROR;
				CLANG_WARN_DOCUMENTATION_COMMENTS = YES;
				CLANG_WARN_EMPTY_BODY = YES;
				CLANG_WARN_ENUM_CONVERSION = YES;
				CLANG_WARN_INFINITE_RECURSION = YES;
				CLANG_WARN_INT_CONVERSION = YES;
				CLANG_WARN_OBJC_ROOT_CLASS = YES_ERROR;
				CLANG_WARN_SUSPICIOUS_MOVE = YES;
				CLANG_WARN_UNREACHABLE_CODE = YES;
				CLANG_WARN__DUPLICATE_METHOD_MATCH = YES;
				"CODE_SIGN_IDENTITY[sdk=iphoneos*]" = "iPhone Developer";
				COPY_PHASE_STRIP = NO;
				DEBUG_INFORMATION_FORMAT = dwarf;
				ENABLE_STRICT_OBJC_MSGSEND = YES;
				ENABLE_TESTABILITY = YES;
				GCC_C_LANGUAGE_STANDARD = gnu99;
				GCC_DYNAMIC_NO_PIC = NO;
				GCC_NO_COMMON_BLOCKS = YES;
				GCC_OPTIMIZATION_LEVEL = 0;
				GCC_PREPROCESSOR_DEFINITIONS = (
					"DEBUG=1",
					"$(inherited)",
				);
				GCC_WARN_64_TO_32_BIT_CONVERSION = YES;
				GCC_WARN_ABOUT_RETURN_TYPE = YES_ERROR;
				GCC_WARN_UNDECLARED_SELECTOR = YES;
				GCC_WARN_UNINITIALIZED_AUTOS = YES_AGGRESSIVE;
				GCC_WARN_UNUSED_FUNCTION = YES;
				GCC_WARN_UNUSED_VARIABLE = YES;
				IPHONEOS_DEPLOYMENT_TARGET = 10.2;
				MTL_ENABLE_DEBUG_INFO = YES;
				ONLY_ACTIVE_ARCH = YES;
				SDKROOT = iphoneos;
				SWIFT_ACTIVE_COMPILATION_CONDITIONS = DEBUG;
				SWIFT_OPTIMIZATION_LEVEL = "-Onone";
			};
			name = Debug;
		};
		D06FB8C11F0DB0C9009D902F /* Release */ = {
			isa = XCBuildConfiguration;
			buildSettings = {
				ALWAYS_SEARCH_USER_PATHS = NO;
				CLANG_ANALYZER_NONNULL = YES;
				CLANG_CXX_LANGUAGE_STANDARD = "gnu++0x";
				CLANG_CXX_LIBRARY = "libc++";
				CLANG_ENABLE_MODULES = YES;
				CLANG_ENABLE_OBJC_ARC = YES;
				CLANG_WARN_BOOL_CONVERSION = YES;
				CLANG_WARN_CONSTANT_CONVERSION = YES;
				CLANG_WARN_DIRECT_OBJC_ISA_USAGE = YES_ERROR;
				CLANG_WARN_DOCUMENTATION_COMMENTS = YES;
				CLANG_WARN_EMPTY_BODY = YES;
				CLANG_WARN_ENUM_CONVERSION = YES;
				CLANG_WARN_INFINITE_RECURSION = YES;
				CLANG_WARN_INT_CONVERSION = YES;
				CLANG_WARN_OBJC_ROOT_CLASS = YES_ERROR;
				CLANG_WARN_SUSPICIOUS_MOVE = YES;
				CLANG_WARN_UNREACHABLE_CODE = YES;
				CLANG_WARN__DUPLICATE_METHOD_MATCH = YES;
				"CODE_SIGN_IDENTITY[sdk=iphoneos*]" = "iPhone Developer";
				COPY_PHASE_STRIP = NO;
				DEBUG_INFORMATION_FORMAT = "dwarf-with-dsym";
				ENABLE_NS_ASSERTIONS = NO;
				ENABLE_STRICT_OBJC_MSGSEND = YES;
				GCC_C_LANGUAGE_STANDARD = gnu99;
				GCC_NO_COMMON_BLOCKS = YES;
				GCC_WARN_64_TO_32_BIT_CONVERSION = YES;
				GCC_WARN_ABOUT_RETURN_TYPE = YES_ERROR;
				GCC_WARN_UNDECLARED_SELECTOR = YES;
				GCC_WARN_UNINITIALIZED_AUTOS = YES_AGGRESSIVE;
				GCC_WARN_UNUSED_FUNCTION = YES;
				GCC_WARN_UNUSED_VARIABLE = YES;
				IPHONEOS_DEPLOYMENT_TARGET = 10.2;
				MTL_ENABLE_DEBUG_INFO = NO;
				SDKROOT = iphoneos;
				SWIFT_OPTIMIZATION_LEVEL = "-Owholemodule";
				VALIDATE_PRODUCT = YES;
			};
			name = Release;
		};
		D06FB8C31F0DB0C9009D902F /* Debug */ = {
			isa = XCBuildConfiguration;
			buildSettings = {
				ASSETCATALOG_COMPILER_APPICON_NAME = AppIcon;
				DEVELOPMENT_TEAM = WH57BD6FT7;
				INFOPLIST_FILE = HitList/Info.plist;
				LD_RUNPATH_SEARCH_PATHS = "$(inherited) @executable_path/Frameworks";
				PRODUCT_BUNDLE_IDENTIFIER = phoenix.developer.HitList;
				PRODUCT_NAME = "$(TARGET_NAME)";
				SWIFT_VERSION = 3.0;
			};
			name = Debug;
		};
		D06FB8C41F0DB0C9009D902F /* Release */ = {
			isa = XCBuildConfiguration;
			buildSettings = {
				ASSETCATALOG_COMPILER_APPICON_NAME = AppIcon;
				DEVELOPMENT_TEAM = WH57BD6FT7;
				INFOPLIST_FILE = HitList/Info.plist;
				LD_RUNPATH_SEARCH_PATHS = "$(inherited) @executable_path/Frameworks";
				PRODUCT_BUNDLE_IDENTIFIER = phoenix.developer.HitList;
				PRODUCT_NAME = "$(TARGET_NAME)";
				SWIFT_VERSION = 3.0;
			};
			name = Release;
		};
/* End XCBuildConfiguration section */

/* Begin XCConfigurationList section */
		D06FB8A81F0DB0C8009D902F /* Build configuration list for PBXProject "HitList" */ = {
			isa = XCConfigurationList;
			buildConfigurations = (
				D06FB8C01F0DB0C9009D902F /* Debug */,
				D06FB8C11F0DB0C9009D902F /* Release */,
			);
			defaultConfigurationIsVisible = 0;
			defaultConfigurationName = Release;
		};
		D06FB8C21F0DB0C9009D902F /* Build configuration list for PBXNativeTarget "HitList" */ = {
			isa = XCConfigurationList;
			buildConfigurations = (
				D06FB8C31F0DB0C9009D902F /* Debug */,
				D06FB8C41F0DB0C9009D902F /* Release */,
			);
			defaultConfigurationIsVisible = 0;
		};
/* End XCConfigurationList section */

/* Begin XCVersionGroup section */
		D06FB8B71F0DB0C9009D902F /* HitList.xcdatamodeld */ = {
			isa = XCVersionGroup;
			children = (
				D06FB8B81F0DB0C9009D902F /* HitList.xcdatamodel */,
			);
			currentVersion = D06FB8B81F0DB0C9009D902F /* HitList.xcdatamodel */;
			path = HitList.xcdatamodeld;
			sourceTree = "<group>";
			versionGroupType = wrapper.xcdatamodel;
		};
/* End XCVersionGroup section */
	};
	rootObject = D06FB8A51F0DB0C8009D902F /* Project object */;
}
